
Microsoft Visual Studio Solution File, Format Version 11.00
# Visual Studio 2010
Project("{2150E333-8FDC-42A3-9474-1A3956D46DE8}") = "Behavioral", "Behavioral", "{B3C3F0E2-50B6-450B-A161-F4500F4E681D}"
EndProject
Project("{FAE04EC0-301F-11D3-BF4B-00C04F79EFBC}") = "ChainOfResponsibility", "Behavioral\ChainOfResponsibility\ChainOfResponsibility.csproj", "{A291BF92-4BE9-42DB-9414-8E09F04FD3F0}"
EndProject
Project("{FAE04EC0-301F-11D3-BF4B-00C04F79EFBC}") = "Command", "Behavioral\Command\Command.csproj", "{65459173-442A-4E0D-B758-3B9EDCE54D75}"
EndProject
Project("{FAE04EC0-301F-11D3-BF4B-00C04F79EFBC}") = "Interpreter", "Behavioral\Interpreter\Interpreter.csproj", "{6007D4E1-1676-4FBC-816D-1B19F6829F22}"
EndProject
Project("{FAE04EC0-301F-11D3-BF4B-00C04F79EFBC}") = "Iterator", "Behavioral\Iterator\Iterator.csproj", "{2A37AC43-5F17-4774-B9BE-8D5008F41F43}"
EndProject
Project("{FAE04EC0-301F-11D3-BF4B-00C04F79EFBC}") = "Mediator", "Behavioral\Mediator\Mediator.csproj", "{9D3B3EAE-1446-4896-8800-C8EA82C3BFD6}"
EndProject
Project("{FAE04EC0-301F-11D3-BF4B-00C04F79EFBC}") = "Memento", "Behavioral\Memento\Memento.csproj", "{C404876C-B04B-451F-B159-2C0CF8CB861B}"
EndProject
Project("{FAE04EC0-301F-11D3-BF4B-00C04F79EFBC}") = "Observer", "Behavioral\Observer\Observer.csproj", "{2823F21D-D474-447D-9C8B-74B29D0D9B35}"
EndProject
Project("{FAE04EC0-301F-11D3-BF4B-00C04F79EFBC}") = "State", "Behavioral\State\State.csproj", "{F214B483-E8BB-477D-807F-24F176B588D5}"
EndProject
Project("{FAE04EC0-301F-11D3-BF4B-00C04F79EFBC}") = "Strategy", "Behavioral\Strategy\Strategy.csproj", "{D728B5BD-4BE1-4B45-A0A3-08A878DAE254}"
EndProject
Project("{FAE04EC0-301F-11D3-BF4B-00C04F79EFBC}") = "TemplateMethod", "Behavioral\TemplateMethod\TemplateMethod.csproj", "{58B97FDC-8D6B-48A6-A1D0-2EC686254CC5}"
EndProject
Project("{FAE04EC0-301F-11D3-BF4B-00C04F79EFBC}") = "Visitor", "Behavioral\Visitor\Visitor.csproj", "{3A2CEFD2-07E1-41C1-B52F-F1801D277E32}"
EndProject
Project("{2150E333-8FDC-42A3-9474-1A3956D46DE8}") = "Creational", "Creational", "{B9EDC98E-1E00-4320-A39F-7D64F44A2D3C}"
EndProject
Project("{FAE04EC0-301F-11D3-BF4B-00C04F79EFBC}") = "AbstractFactory", "Creational\AbstractFactory\AbstractFactory.csproj", "{FF8A73BD-7DCB-46C1-8F83-EE84D65320B4}"
EndProject
Project("{FAE04EC0-301F-11D3-BF4B-00C04F79EFBC}") = "Builder", "Creational\Builder\Builder.csproj", "{92346BF9-D8E8-4D1E-A3B6-48EA49BD9ADC}"
EndProject
Project("{FAE04EC0-301F-11D3-BF4B-00C04F79EFBC}") = "FactoryMethod", "Creational\FactoryMethod\FactoryMethod.csproj", "{040AFA71-3175-4C6C-8DB2-98810D3E98F4}"
EndProject
Project("{FAE04EC0-301F-11D3-BF4B-00C04F79EFBC}") = "Prototype", "Creational\Prototype\Prototype.csproj", "{598AAD5B-C38A-4AC8-89C5-14CAC60AE46E}"
EndProject
Project("{FAE04EC0-301F-11D3-BF4B-00C04F79EFBC}") = "Singleton", "Creational\Singleton\Singleton.csproj", "{14333E87-2DCC-42A7-91FF-2DFEABF2AA95}"
EndProject
Project("{2150E333-8FDC-42A3-9474-1A3956D46DE8}") = "Structural", "Structural", "{05993A61-BAEE-4BA2-81F0-25B789A15F6E}"
EndProject
Project("{FAE04EC0-301F-11D3-BF4B-00C04F79EFBC}") = "Adapter", "Structural\Adapter\Adapter.csproj", "{72F9E83E-462A-4A2F-88BB-1A8A1AE33AE0}"
EndProject
Project("{FAE04EC0-301F-11D3-BF4B-00C04F79EFBC}") = "Bridge", "Structural\Bridge\Bridge.csproj", "{FECD9206-68C5-4F31-A7AB-AD876E05ABDA}"
EndProject
Project("{FAE04EC0-301F-11D3-BF4B-00C04F79EFBC}") = "Composite", "Structural\Composite\Composite.csproj", "{F8ED6676-6701-4476-9606-4D150EF4A537}"
EndProject
Project("{FAE04EC0-301F-11D3-BF4B-00C04F79EFBC}") = "Decorator", "Structural\Decorator\Decorator.csproj", "{7F3A9BF2-137D-41AA-9346-4E117326850D}"
EndProject
Project("{FAE04EC0-301F-11D3-BF4B-00C04F79EFBC}") = "Facade", "Structural\Facade\Facade.csproj", "{A3F748C6-13F4-4DE1-880B-73664F801EA7}"
EndProject
Project("{FAE04EC0-301F-11D3-BF4B-00C04F79EFBC}") = "Flyweight", "Structural\Flyweight\Flyweight.csproj", "{7E303E38-84E0-45B9-8580-3109479B1F49}"
EndProject
Project("{FAE04EC0-301F-11D3-BF4B-00C04F79EFBC}") = "Proxy", "Structural\Proxy\Proxy.csproj", "{D859AF5D-34D0-4D0A-8264-0C2AB88B6612}"
EndProject
Global
	GlobalSection(SolutionConfigurationPlatforms) = preSolution
		Debug|Any CPU = Debug|Any CPU
		Release|Any CPU = Release|Any CPU
	EndGlobalSection
	GlobalSection(ProjectConfigurationPlatforms) = postSolution
		{040AFA71-3175-4C6C-8DB2-98810D3E98F4}.Debug|Any CPU.ActiveCfg = Debug|Any CPU
		{040AFA71-3175-4C6C-8DB2-98810D3E98F4}.Debug|Any CPU.Build.0 = Debug|Any CPU
		{040AFA71-3175-4C6C-8DB2-98810D3E98F4}.Release|Any CPU.ActiveCfg = Release|Any CPU
		{040AFA71-3175-4C6C-8DB2-98810D3E98F4}.Release|Any CPU.Build.0 = Release|Any CPU
		{14333E87-2DCC-42A7-91FF-2DFEABF2AA95}.Debug|Any CPU.ActiveCfg = Debug|Any CPU
		{14333E87-2DCC-42A7-91FF-2DFEABF2AA95}.Debug|Any CPU.Build.0 = Debug|Any CPU
		{14333E87-2DCC-42A7-91FF-2DFEABF2AA95}.Release|Any CPU.ActiveCfg = Release|Any CPU
		{14333E87-2DCC-42A7-91FF-2DFEABF2AA95}.Release|Any CPU.Build.0 = Release|Any CPU
		{2823F21D-D474-447D-9C8B-74B29D0D9B35}.Debug|Any CPU.ActiveCfg = Debug|Any CPU
		{2823F21D-D474-447D-9C8B-74B29D0D9B35}.Debug|Any CPU.Build.0 = Debug|Any CPU
		{2823F21D-D474-447D-9C8B-74B29D0D9B35}.Release|Any CPU.ActiveCfg = Release|Any CPU
		{2823F21D-D474-447D-9C8B-74B29D0D9B35}.Release|Any CPU.Build.0 = Release|Any CPU
		{2A37AC43-5F17-4774-B9BE-8D5008F41F43}.Debug|Any CPU.ActiveCfg = Debug|Any CPU
		{2A37AC43-5F17-4774-B9BE-8D5008F41F43}.Debug|Any CPU.Build.0 = Debug|Any CPU
		{2A37AC43-5F17-4774-B9BE-8D5008F41F43}.Release|Any CPU.ActiveCfg = Release|Any CPU
		{2A37AC43-5F17-4774-B9BE-8D5008F41F43}.Release|Any CPU.Build.0 = Release|Any CPU
		{3A2CEFD2-07E1-41C1-B52F-F1801D277E32}.Debug|Any CPU.ActiveCfg = Debug|Any CPU
		{3A2CEFD2-07E1-41C1-B52F-F1801D277E32}.Debug|Any CPU.Build.0 = Debug|Any CPU
		{3A2CEFD2-07E1-41C1-B52F-F1801D277E32}.Release|Any CPU.ActiveCfg = Release|Any CPU
		{3A2CEFD2-07E1-41C1-B52F-F1801D277E32}.Release|Any CPU.Build.0 = Release|Any CPU
		{58B97FDC-8D6B-48A6-A1D0-2EC686254CC5}.Debug|Any CPU.ActiveCfg = Debug|Any CPU
		{58B97FDC-8D6B-48A6-A1D0-2EC686254CC5}.Debug|Any CPU.Build.0 = Debug|Any CPU
		{58B97FDC-8D6B-48A6-A1D0-2EC686254CC5}.Release|Any CPU.ActiveCfg = Release|Any CPU
		{58B97FDC-8D6B-48A6-A1D0-2EC686254CC5}.Release|Any CPU.Build.0 = Release|Any CPU
		{598AAD5B-C38A-4AC8-89C5-14CAC60AE46E}.Debug|Any CPU.ActiveCfg = Debug|Any CPU
		{598AAD5B-C38A-4AC8-89C5-14CAC60AE46E}.Debug|Any CPU.Build.0 = Debug|Any CPU
		{598AAD5B-C38A-4AC8-89C5-14CAC60AE46E}.Release|Any CPU.ActiveCfg = Release|Any CPU
		{598AAD5B-C38A-4AC8-89C5-14CAC60AE46E}.Release|Any CPU.Build.0 = Release|Any CPU
		{6007D4E1-1676-4FBC-816D-1B19F6829F22}.Debug|Any CPU.ActiveCfg = Debug|Any CPU
		{6007D4E1-1676-4FBC-816D-1B19F6829F22}.Debug|Any CPU.Build.0 = Debug|Any CPU
		{6007D4E1-1676-4FBC-816D-1B19F6829F22}.Release|Any CPU.ActiveCfg = Release|Any CPU
		{6007D4E1-1676-4FBC-816D-1B19F6829F22}.Release|Any CPU.Build.0 = Release|Any CPU
		{65459173-442A-4E0D-B758-3B9EDCE54D75}.Debug|Any CPU.ActiveCfg = Debug|Any CPU
		{65459173-442A-4E0D-B758-3B9EDCE54D75}.Debug|Any CPU.Build.0 = Debug|Any CPU
		{65459173-442A-4E0D-B758-3B9EDCE54D75}.Release|Any CPU.ActiveCfg = Release|Any CPU
		{65459173-442A-4E0D-B758-3B9EDCE54D75}.Release|Any CPU.Build.0 = Release|Any CPU
		{72F9E83E-462A-4A2F-88BB-1A8A1AE33AE0}.Debug|Any CPU.ActiveCfg = Debug|Any CPU
		{72F9E83E-462A-4A2F-88BB-1A8A1AE33AE0}.Debug|Any CPU.Build.0 = Debug|Any CPU
		{72F9E83E-462A-4A2F-88BB-1A8A1AE33AE0}.Release|Any CPU.ActiveCfg = Release|Any CPU
		{72F9E83E-462A-4A2F-88BB-1A8A1AE33AE0}.Release|Any CPU.Build.0 = Release|Any CPU
		{7E303E38-84E0-45B9-8580-3109479B1F49}.Debug|Any CPU.ActiveCfg = Debug|Any CPU
		{7E303E38-84E0-45B9-8580-3109479B1F49}.Debug|Any CPU.Build.0 = Debug|Any CPU
		{7E303E38-84E0-45B9-8580-3109479B1F49}.Release|Any CPU.ActiveCfg = Release|Any CPU
		{7E303E38-84E0-45B9-8580-3109479B1F49}.Release|Any CPU.Build.0 = Release|Any CPU
		{7F3A9BF2-137D-41AA-9346-4E117326850D}.Debug|Any CPU.ActiveCfg = Debug|Any CPU
		{7F3A9BF2-137D-41AA-9346-4E117326850D}.Debug|Any CPU.Build.0 = Debug|Any CPU
		{7F3A9BF2-137D-41AA-9346-4E117326850D}.Release|Any CPU.ActiveCfg = Release|Any CPU
		{7F3A9BF2-137D-41AA-9346-4E117326850D}.Release|Any CPU.Build.0 = Release|Any CPU
		{92346BF9-D8E8-4D1E-A3B6-48EA49BD9ADC}.Debug|Any CPU.ActiveCfg = Debug|Any CPU
		{92346BF9-D8E8-4D1E-A3B6-48EA49BD9ADC}.Debug|Any CPU.Build.0 = Debug|Any CPU
		{92346BF9-D8E8-4D1E-A3B6-48EA49BD9ADC}.Release|Any CPU.ActiveCfg = Release|Any CPU
		{92346BF9-D8E8-4D1E-A3B6-48EA49BD9ADC}.Release|Any CPU.Build.0 = Release|Any CPU
		{9D3B3EAE-1446-4896-8800-C8EA82C3BFD6}.Debug|Any CPU.ActiveCfg = Debug|Any CPU
		{9D3B3EAE-1446-4896-8800-C8EA82C3BFD6}.Debug|Any CPU.Build.0 = Debug|Any CPU
		{9D3B3EAE-1446-4896-8800-C8EA82C3BFD6}.Release|Any CPU.ActiveCfg = Release|Any CPU
		{9D3B3EAE-1446-4896-8800-C8EA82C3BFD6}.Release|Any CPU.Build.0 = Release|Any CPU
		{A291BF92-4BE9-42DB-9414-8E09F04FD3F0}.Debug|Any CPU.ActiveCfg = Debug|Any CPU
		{A291BF92-4BE9-42DB-9414-8E09F04FD3F0}.Debug|Any CPU.Build.0 = Debug|Any CPU
		{A291BF92-4BE9-42DB-9414-8E09F04FD3F0}.Release|Any CPU.ActiveCfg = Release|Any CPU
		{A291BF92-4BE9-42DB-9414-8E09F04FD3F0}.Release|Any CPU.Build.0 = Release|Any CPU
		{A3F748C6-13F4-4DE1-880B-73664F801EA7}.Debug|Any CPU.ActiveCfg = Debug|Any CPU
		{A3F748C6-13F4-4DE1-880B-73664F801EA7}.Debug|Any CPU.Build.0 = Debug|Any CPU
		{A3F748C6-13F4-4DE1-880B-73664F801EA7}.Release|Any CPU.ActiveCfg = Release|Any CPU
		{A3F748C6-13F4-4DE1-880B-73664F801EA7}.Release|Any CPU.Build.0 = Release|Any CPU
		{C404876C-B04B-451F-B159-2C0CF8CB861B}.Debug|Any CPU.ActiveCfg = Debug|Any CPU
		{C404876C-B04B-451F-B159-2C0CF8CB861B}.Debug|Any CPU.Build.0 = Debug|Any CPU
		{C404876C-B04B-451F-B159-2C0CF8CB861B}.Release|Any CPU.ActiveCfg = Release|Any CPU
		{C404876C-B04B-451F-B159-2C0CF8CB861B}.Release|Any CPU.Build.0 = Release|Any CPU
		{D728B5BD-4BE1-4B45-A0A3-08A878DAE254}.Debug|Any CPU.ActiveCfg = Debug|Any CPU
		{D728B5BD-4BE1-4B45-A0A3-08A878DAE254}.Debug|Any CPU.Build.0 = Debug|Any CPU
		{D728B5BD-4BE1-4B45-A0A3-08A878DAE254}.Release|Any CPU.ActiveCfg = Release|Any CPU
		{D728B5BD-4BE1-4B45-A0A3-08A878DAE254}.Release|Any CPU.Build.0 = Release|Any CPU
		{D859AF5D-34D0-4D0A-8264-0C2AB88B6612}.Debug|Any CPU.ActiveCfg = Debug|Any CPU
		{D859AF5D-34D0-4D0A-8264-0C2AB88B6612}.Debug|Any CPU.Build.0 = Debug|Any CPU
		{D859AF5D-34D0-4D0A-8264-0C2AB88B6612}.Release|Any CPU.ActiveCfg = Release|Any CPU
		{D859AF5D-34D0-4D0A-8264-0C2AB88B6612}.Release|Any CPU.Build.0 = Release|Any CPU
		{F214B483-E8BB-477D-807F-24F176B588D5}.Debug|Any CPU.ActiveCfg = Debug|Any CPU
		{F214B483-E8BB-477D-807F-24F176B588D5}.Debug|Any CPU.Build.0 = Debug|Any CPU
		{F214B483-E8BB-477D-807F-24F176B588D5}.Release|Any CPU.ActiveCfg = Release|Any CPU
		{F214B483-E8BB-477D-807F-24F176B588D5}.Release|Any CPU.Build.0 = Release|Any CPU
		{F8ED6676-6701-4476-9606-4D150EF4A537}.Debug|Any CPU.ActiveCfg = Debug|Any CPU
		{F8ED6676-6701-4476-9606-4D150EF4A537}.Debug|Any CPU.Build.0 = Debug|Any CPU
		{F8ED6676-6701-4476-9606-4D150EF4A537}.Release|Any CPU.ActiveCfg = Release|Any CPU
		{F8ED6676-6701-4476-9606-4D150EF4A537}.Release|Any CPU.Build.0 = Release|Any CPU
		{FECD9206-68C5-4F31-A7AB-AD876E05ABDA}.Debug|Any CPU.ActiveCfg = Debug|Any CPU
		{FECD9206-68C5-4F31-A7AB-AD876E05ABDA}.Debug|Any CPU.Build.0 = Debug|Any CPU
		{FECD9206-68C5-4F31-A7AB-AD876E05ABDA}.Release|Any CPU.ActiveCfg = Release|Any CPU
		{FECD9206-68C5-4F31-A7AB-AD876E05ABDA}.Release|Any CPU.Build.0 = Release|Any CPU
		{FF8A73BD-7DCB-46C1-8F83-EE84D65320B4}.Debug|Any CPU.ActiveCfg = Debug|Any CPU
		{FF8A73BD-7DCB-46C1-8F83-EE84D65320B4}.Debug|Any CPU.Build.0 = Debug|Any CPU
		{FF8A73BD-7DCB-46C1-8F83-EE84D65320B4}.Release|Any CPU.ActiveCfg = Release|Any CPU
		{FF8A73BD-7DCB-46C1-8F83-EE84D65320B4}.Release|Any CPU.Build.0 = Release|Any CPU
	EndGlobalSection
	GlobalSection(NestedProjects) = preSolution
		{A291BF92-4BE9-42DB-9414-8E09F04FD3F0} = {B3C3F0E2-50B6-450B-A161-F4500F4E681D}
		{65459173-442A-4E0D-B758-3B9EDCE54D75} = {B3C3F0E2-50B6-450B-A161-F4500F4E681D}
		{6007D4E1-1676-4FBC-816D-1B19F6829F22} = {B3C3F0E2-50B6-450B-A161-F4500F4E681D}
		{2A37AC43-5F17-4774-B9BE-8D5008F41F43} = {B3C3F0E2-50B6-450B-A161-F4500F4E681D}
		{9D3B3EAE-1446-4896-8800-C8EA82C3BFD6} = {B3C3F0E2-50B6-450B-A161-F4500F4E681D}
		{C404876C-B04B-451F-B159-2C0CF8CB861B} = {B3C3F0E2-50B6-450B-A161-F4500F4E681D}
		{2823F21D-D474-447D-9C8B-74B29D0D9B35} = {B3C3F0E2-50B6-450B-A161-F4500F4E681D}
		{F214B483-E8BB-477D-807F-24F176B588D5} = {B3C3F0E2-50B6-450B-A161-F4500F4E681D}
		{D728B5BD-4BE1-4B45-A0A3-08A878DAE254} = {B3C3F0E2-50B6-450B-A161-F4500F4E681D}
		{58B97FDC-8D6B-48A6-A1D0-2EC686254CC5} = {B3C3F0E2-50B6-450B-A161-F4500F4E681D}
		{3A2CEFD2-07E1-41C1-B52F-F1801D277E32} = {B3C3F0E2-50B6-450B-A161-F4500F4E681D}
		{FF8A73BD-7DCB-46C1-8F83-EE84D65320B4} = {B9EDC98E-1E00-4320-A39F-7D64F44A2D3C}
		{92346BF9-D8E8-4D1E-A3B6-48EA49BD9ADC} = {B9EDC98E-1E00-4320-A39F-7D64F44A2D3C}
		{040AFA71-3175-4C6C-8DB2-98810D3E98F4} = {B9EDC98E-1E00-4320-A39F-7D64F44A2D3C}
		{598AAD5B-C38A-4AC8-89C5-14CAC60AE46E} = {B9EDC98E-1E00-4320-A39F-7D64F44A2D3C}
		{14333E87-2DCC-42A7-91FF-2DFEABF2AA95} = {B9EDC98E-1E00-4320-A39F-7D64F44A2D3C}
		{72F9E83E-462A-4A2F-88BB-1A8A1AE33AE0} = {05993A61-BAEE-4BA2-81F0-25B789A15F6E}
		{FECD9206-68C5-4F31-A7AB-AD876E05ABDA} = {05993A61-BAEE-4BA2-81F0-25B789A15F6E}
		{F8ED6676-6701-4476-9606-4D150EF4A537} = {05993A61-BAEE-4BA2-81F0-25B789A15F6E}
		{7F3A9BF2-137D-41AA-9346-4E117326850D} = {05993A61-BAEE-4BA2-81F0-25B789A15F6E}
		{A3F748C6-13F4-4DE1-880B-73664F801EA7} = {05993A61-BAEE-4BA2-81F0-25B789A15F6E}
		{7E303E38-84E0-45B9-8580-3109479B1F49} = {05993A61-BAEE-4BA2-81F0-25B789A15F6E}
		{D859AF5D-34D0-4D0A-8264-0C2AB88B6612} = {05993A61-BAEE-4BA2-81F0-25B789A15F6E}
	EndGlobalSection
	GlobalSection(SolutionProperties) = preSolution
		HideSolutionNode = FALSE
	EndGlobalSection
EndGlobal
