
Microsoft Visual Studio Solution File, Format Version 11.00
# Visual Studio 2010
Project("{2150E333-8FDC-42A3-9474-1A3956D46DE8}") = "Behavioral", "Behavioral", "{B3C3F0E2-50B6-450B-A161-F4500F4E681D}"
EndProject
Project("{FAE04EC0-301F-11D3-BF4B-00C04F79EFBC}") = "ChainOfResponsibility", "Behavioral\ChainOfResponsibility\ChainOfResponsibility.csproj", "{A291BF92-4BE9-42DB-9414-8E09F04FD3F0}"
EndProject
Global
	GlobalSection(SolutionConfigurationPlatforms) = preSolution
		Debug|Any CPU = Debug|Any CPU
		Release|Any CPU = Release|Any CPU
	EndGlobalSection
	GlobalSection(ProjectConfigurationPlatforms) = postSolution
		{A291BF92-4BE9-42DB-9414-8E09F04FD3F0}.Debug|Any CPU.ActiveCfg = Debug|Any CPU
		{A291BF92-4BE9-42DB-9414-8E09F04FD3F0}.Debug|Any CPU.Build.0 = Debug|Any CPU
		{A291BF92-4BE9-42DB-9414-8E09F04FD3F0}.Release|Any CPU.ActiveCfg = Release|Any CPU
		{A291BF92-4BE9-42DB-9414-8E09F04FD3F0}.Release|Any CPU.Build.0 = Release|Any CPU
	EndGlobalSection
	GlobalSection(SolutionProperties) = preSolution
		HideSolutionNode = FALSE
	EndGlobalSection
	GlobalSection(NestedProjects) = preSolution
		{A291BF92-4BE9-42DB-9414-8E09F04FD3F0} = {B3C3F0E2-50B6-450B-A161-F4500F4E681D}
	EndGlobalSection
EndGlobal
